
Microsoft Visual Studio Solution File, Format Version 12.00
# Visual Studio Version 16
VisualStudioVersion = 16.0.31019.35
MinimumVisualStudioVersion = 10.0.40219.1
Project("{FAE04EC0-301F-11D3-BF4B-00C04F79EFBC}") = "TranMinhHao_5951071021", "TranMinhHao_5951071021\TranMinhHao_5951071021.csproj", "{2FDF9EF6-1284-4C74-9AB8-3A356F881662}"
EndProject
Global
	GlobalSection(SolutionConfigurationPlatforms) = preSolution
		Debug|Any CPU = Debug|Any CPU
		Release|Any CPU = Release|Any CPU
	EndGlobalSection
	GlobalSection(ProjectConfigurationPlatforms) = postSolution
		{2FDF9EF6-1284-4C74-9AB8-3A356F881662}.Debug|Any CPU.ActiveCfg = Debug|Any CPU
		{2FDF9EF6-1284-4C74-9AB8-3A356F881662}.Debug|Any CPU.Build.0 = Debug|Any CPU
		{2FDF9EF6-1284-4C74-9AB8-3A356F881662}.Release|Any CPU.ActiveCfg = Release|Any CPU
		{2FDF9EF6-1284-4C74-9AB8-3A356F881662}.Release|Any CPU.Build.0 = Release|Any CPU
	EndGlobalSection
	GlobalSection(SolutionProperties) = preSolution
		HideSolutionNode = FALSE
	EndGlobalSection
	GlobalSection(ExtensibilityGlobals) = postSolution
		SolutionGuid = {C266D77F-8549-48F1-AB2F-017B3EDA0F74}
	EndGlobalSection
EndGlobal
